
Microsoft Visual Studio Solution File, Format Version 12.00
# Visual Studio Version 17
VisualStudioVersion = 17.11.35303.130
MinimumVisualStudioVersion = 10.0.40219.1
Project("{9A19103F-16F7-4668-BE54-9A1E7A4F7556}") = "ECommMarket.Persistence", "ECommMarket.Persistence\ECommMarket.Persistence.csproj", "{899A8924-ABBA-4E79-BF1C-4E6B0F6B34FB}"
EndProject
Project("{9A19103F-16F7-4668-BE54-9A1E7A4F7556}") = "EcommMarket.Application", "EcommMarket.Application\EcommMarket.Application.csproj", "{D9F55070-AE38-4320-8F57-37DDC54E0D57}"
EndProject
Project("{9A19103F-16F7-4668-BE54-9A1E7A4F7556}") = "ECommMarket.Domain", "ECommMarket.Domain\ECommMarket.Domain.csproj", "{7A462419-F12E-4EE4-B428-045208377463}"
EndProject
Project("{9A19103F-16F7-4668-BE54-9A1E7A4F7556}") = "ECommMarket.App", "ECommMarket.App\ECommMarket.App.csproj", "{91FC44DC-9FE5-4C99-8E2A-D5FF700CFF0C}"
EndProject
Global
	GlobalSection(SolutionConfigurationPlatforms) = preSolution
		Debug|Any CPU = Debug|Any CPU
		Release|Any CPU = Release|Any CPU
	EndGlobalSection
	GlobalSection(ProjectConfigurationPlatforms) = postSolution
		{899A8924-ABBA-4E79-BF1C-4E6B0F6B34FB}.Debug|Any CPU.ActiveCfg = Debug|Any CPU
		{899A8924-ABBA-4E79-BF1C-4E6B0F6B34FB}.Debug|Any CPU.Build.0 = Debug|Any CPU
		{899A8924-ABBA-4E79-BF1C-4E6B0F6B34FB}.Release|Any CPU.ActiveCfg = Release|Any CPU
		{899A8924-ABBA-4E79-BF1C-4E6B0F6B34FB}.Release|Any CPU.Build.0 = Release|Any CPU
		{D9F55070-AE38-4320-8F57-37DDC54E0D57}.Debug|Any CPU.ActiveCfg = Debug|Any CPU
		{D9F55070-AE38-4320-8F57-37DDC54E0D57}.Debug|Any CPU.Build.0 = Debug|Any CPU
		{D9F55070-AE38-4320-8F57-37DDC54E0D57}.Release|Any CPU.ActiveCfg = Release|Any CPU
		{D9F55070-AE38-4320-8F57-37DDC54E0D57}.Release|Any CPU.Build.0 = Release|Any CPU
		{7A462419-F12E-4EE4-B428-045208377463}.Debug|Any CPU.ActiveCfg = Debug|Any CPU
		{7A462419-F12E-4EE4-B428-045208377463}.Debug|Any CPU.Build.0 = Debug|Any CPU
		{7A462419-F12E-4EE4-B428-045208377463}.Release|Any CPU.ActiveCfg = Release|Any CPU
		{7A462419-F12E-4EE4-B428-045208377463}.Release|Any CPU.Build.0 = Release|Any CPU
		{91FC44DC-9FE5-4C99-8E2A-D5FF700CFF0C}.Debug|Any CPU.ActiveCfg = Debug|Any CPU
		{91FC44DC-9FE5-4C99-8E2A-D5FF700CFF0C}.Debug|Any CPU.Build.0 = Debug|Any CPU
		{91FC44DC-9FE5-4C99-8E2A-D5FF700CFF0C}.Release|Any CPU.ActiveCfg = Release|Any CPU
		{91FC44DC-9FE5-4C99-8E2A-D5FF700CFF0C}.Release|Any CPU.Build.0 = Release|Any CPU
	EndGlobalSection
	GlobalSection(SolutionProperties) = preSolution
		HideSolutionNode = FALSE
	EndGlobalSection
	GlobalSection(ExtensibilityGlobals) = postSolution
		SolutionGuid = {5D8A854D-CAC8-4E94-911A-3E07F4516E38}
	EndGlobalSection
EndGlobal
